
Microsoft Visual Studio Solution File, Format Version 12.00
# Visual Studio Version 16
VisualStudioVersion = 16.0.31613.86
MinimumVisualStudioVersion = 10.0.40219.1
Project("{FAE04EC0-301F-11D3-BF4B-00C04F79EFBC}") = "FascadeDesignPattern", "FascadeDesignPattern\FascadeDesignPattern.csproj", "{E3238DD3-D668-4F8B-83AA-2453596ADECD}"
EndProject
Global
	GlobalSection(SolutionConfigurationPlatforms) = preSolution
		Debug|Any CPU = Debug|Any CPU
		Release|Any CPU = Release|Any CPU
	EndGlobalSection
	GlobalSection(ProjectConfigurationPlatforms) = postSolution
		{E3238DD3-D668-4F8B-83AA-2453596ADECD}.Debug|Any CPU.ActiveCfg = Debug|Any CPU
		{E3238DD3-D668-4F8B-83AA-2453596ADECD}.Debug|Any CPU.Build.0 = Debug|Any CPU
		{E3238DD3-D668-4F8B-83AA-2453596ADECD}.Release|Any CPU.ActiveCfg = Release|Any CPU
		{E3238DD3-D668-4F8B-83AA-2453596ADECD}.Release|Any CPU.Build.0 = Release|Any CPU
	EndGlobalSection
	GlobalSection(SolutionProperties) = preSolution
		HideSolutionNode = FALSE
	EndGlobalSection
	GlobalSection(ExtensibilityGlobals) = postSolution
		SolutionGuid = {69085749-0ED2-4B85-B93A-33F59DB530E7}
	EndGlobalSection
EndGlobal
